// !$*UTF8*$!
{
	archiveVersion = 1;
	classes = {
	};
	objectVersion = 46;
	objects = {

/* Begin PBXBuildFile section */
		022E3BF02D7C632F099EF212 /* InterviewRepositoryError.swift in Sources */ = {isa = PBXBuildFile; fileRef = FCB8B4602B37F0F5F49D3A61 /* InterviewRepositoryError.swift */; };
		28CA712E4B8754D6D468C09E /* test_interview_index.json in Resources */ = {isa = PBXBuildFile; fileRef = 0AF2DB7FA9986DF69E8D34DE /* test_interview_index.json */; };
		2C5AE2FFEA3C584E7F1257FF /* SSQuestionListViewController.swift in Sources */ = {isa = PBXBuildFile; fileRef = A55990E84DD03330898153CB /* SSQuestionListViewController.swift */; };
		2F4AB94E441A4AF6B115E6CB /* SceneDelegate.swift in Sources */ = {isa = PBXBuildFile; fileRef = 5E76C45E63CE6839A18E463A /* SceneDelegate.swift */; };
		35D93531ED561866FD1F85F5 /* Foundation.framework in Frameworks */ = {isa = PBXBuildFile; fileRef = 0ED39BFA3389EF5315FBBE51 /* Foundation.framework */; };
		3D8636FC2C7AC0975507AD2D /* Pods_IT_Interview_Bully.framework in Frameworks */ = {isa = PBXBuildFile; fileRef = 65DEDC1EF36DBD51D839A84D /* Pods_IT_Interview_Bully.framework */; };
		3FCCE016C3F3157B57DEEBF4 /* InterviewRepositoryTests.swift in Sources */ = {isa = PBXBuildFile; fileRef = C74394D519E0B5E1ACCD5F5C /* InterviewRepositoryTests.swift */; };
		4327AD56BB52056F104FB818 /* AppDIContainer.swift in Sources */ = {isa = PBXBuildFile; fileRef = 03090EDB5DB1CC544CB3408F /* AppDIContainer.swift */; };
		46D86A77E3C74A6D04E14969 /* LoadingStateView.swift in Sources */ = {isa = PBXBuildFile; fileRef = DCEDDFF81DEC6DCEB4E98D7B /* LoadingStateView.swift */; };
		47053F99F1027148A2EF073A /* QuestionListViewModelTests.swift in Sources */ = {isa = PBXBuildFile; fileRef = 70F61B6B278E8329D26C0A77 /* QuestionListViewModelTests.swift */; };
		4AD4FE1562F19BFE5B4FD34B /* LaunchScreen.storyboard in Resources */ = {isa = PBXBuildFile; fileRef = 65D2201A687995AE317627C2 /* LaunchScreen.storyboard */; };
		4CDEF5D4067386D1A2CFAB1F /* QuestionListViewModel.swift in Sources */ = {isa = PBXBuildFile; fileRef = EB3BD91433AB5C1E57A449C4 /* QuestionListViewModel.swift */; };
		5097D07CAFDED94AC5634995 /* LoadableState.swift in Sources */ = {isa = PBXBuildFile; fileRef = 565DBBAABE45BAFC25A533BE /* LoadableState.swift */; };
		57E4F2ABA87D8FCB49895A91 /* BundleResourceLoader.swift in Sources */ = {isa = PBXBuildFile; fileRef = 14710289144BFF2BC826823A /* BundleResourceLoader.swift */; };
		59D47346F5DB97FF7DBC5BEE /* Foundation.framework in Frameworks */ = {isa = PBXBuildFile; fileRef = 0ED39BFA3389EF5315FBBE51 /* Foundation.framework */; };
		615206A1FD153B90B1AE994B /* invalid_interview_index.json in Resources */ = {isa = PBXBuildFile; fileRef = 6118D99BAC0BB0FFB51F2DC5 /* invalid_interview_index.json */; };
		8381DEBAB0D2BA4254E96B2A /* InterviewRepository.swift in Sources */ = {isa = PBXBuildFile; fileRef = 98565BCBE56659BE3B315838 /* InterviewRepository.swift */; };
		854CAA33480354DEBD70F423 /* InterviewQuestionSummary.swift in Sources */ = {isa = PBXBuildFile; fileRef = 56225BA99A6E618E9659B374 /* InterviewQuestionSummary.swift */; };
		859642EBB5ECB104AC4EED41 /* MarkdownViewController.swift in Sources */ = {isa = PBXBuildFile; fileRef = F11A1C7F8408164307F9DA36 /* MarkdownViewController.swift */; };
		8D14DBAC80C7E35F78740FE0 /* sample-question.md in Resources */ = {isa = PBXBuildFile; fileRef = BA265E871985BA4DAFD665A5 /* sample-question.md */; };
		9BDA1179E46853A3A5CFFD8B /* Pods_IT_Interview_BullyTests.framework in Frameworks */ = {isa = PBXBuildFile; fileRef = BC13E562335EEA86DDCC48C8 /* Pods_IT_Interview_BullyTests.framework */; };
		9C21313D9DF200F64559A323 /* InterviewCategory.swift in Sources */ = {isa = PBXBuildFile; fileRef = 0509F268D33CA6D80C9467F2 /* InterviewCategory.swift */; };
		9D800C7F90C3B1ECA2646AB0 /* AppDelegate.swift in Sources */ = {isa = PBXBuildFile; fileRef = F79964C881440D65A6B50BDE /* AppDelegate.swift */; };
		A151ACBFCE423B5BD6409C9C /* interview_index.json in Resources */ = {isa = PBXBuildFile; fileRef = 765470DD8EEDA563FB42C959 /* interview_index.json */; };
		A27CC0BCD046BF1129FA92AB /* memory-retain-cycle.md in Resources */ = {isa = PBXBuildFile; fileRef = FBAE543F015E02743764FE96 /* memory-retain-cycle.md */; };
		BDC817657E3952A468C5A3DD /* SSQuestionDetailViewController.swift in Sources */ = {isa = PBXBuildFile; fileRef = A24B2714D84466867B047187 /* SSQuestionDetailViewController.swift */; };
		C16D66315637A2C9A82D953B /* QuestionDetailViewModel.swift in Sources */ = {isa = PBXBuildFile; fileRef = 0B18FEABC3AD5E65B0A303B9 /* QuestionDetailViewModel.swift */; };
		C2B2B7A621E4C7BCD1B1A48F /* runtime-method-swizzling.md in Resources */ = {isa = PBXBuildFile; fileRef = 6FDF561E61A6454F77180628 /* runtime-method-swizzling.md */; };
		C9CC3982A38DBD4809D9C596 /* InterviewQuestionDetail.swift in Sources */ = {isa = PBXBuildFile; fileRef = E9E8EC88E018DF2B57E1F8C5 /* InterviewQuestionDetail.swift */; };
		DDA8F2CF68628A51E9E207F7 /* iOS面试资深解答 in Resources */ = {isa = PBXBuildFile; fileRef = 8E27AB9276674C5156B2361C /* iOS面试资深解答 */; };
		E345CD837385A99F43C77197 /* InterviewIndex.swift in Sources */ = {isa = PBXBuildFile; fileRef = 749985561052FF981B565B39 /* InterviewIndex.swift */; };
		E34A6188B901B1721DBD7653 /* Assets.xcassets in Resources */ = {isa = PBXBuildFile; fileRef = 9E5735DE8C5FFC03FB2EEBE6 /* Assets.xcassets */; };
		E87C9266B4F79A99A57CF431 /* QuestionDetailViewModelTests.swift in Sources */ = {isa = PBXBuildFile; fileRef = CE902A76242C23866163742C /* QuestionDetailViewModelTests.swift */; };
		EE3E6BB58879C7EE8226BBC0 /* BundleInterviewRepository.swift in Sources */ = {isa = PBXBuildFile; fileRef = 4BB7A2AEABAEE0D237E4A7C0 /* BundleInterviewRepository.swift */; };
		F7AB2176B738E2D66B8CE7C6 /* MarkdownRenderableView.swift in Sources */ = {isa = PBXBuildFile; fileRef = 99E497BCEB651624ACC54BA9 /* MarkdownRenderableView.swift */; };
/* End PBXBuildFile section */

/* Begin PBXContainerItemProxy section */
		987DEDF1B262A9226208E645 /* PBXContainerItemProxy */ = {
			isa = PBXContainerItemProxy;
			containerPortal = F399545B46AA6ED6EFCFEC8A /* Project object */;
			proxyType = 1;
			remoteGlobalIDString = CC0A01E3625449F6330D9456;
			remoteInfo = IT_Interview_Bully;
		};
/* End PBXContainerItemProxy section */

/* Begin PBXFileReference section */
		03090EDB5DB1CC544CB3408F /* AppDIContainer.swift */ = {isa = PBXFileReference; includeInIndex = 1; lastKnownFileType = sourcecode.swift; path = AppDIContainer.swift; sourceTree = "<group>"; };
		0509F268D33CA6D80C9467F2 /* InterviewCategory.swift */ = {isa = PBXFileReference; includeInIndex = 1; lastKnownFileType = sourcecode.swift; path = InterviewCategory.swift; sourceTree = "<group>"; };
		0AF2DB7FA9986DF69E8D34DE /* test_interview_index.json */ = {isa = PBXFileReference; includeInIndex = 1; path = test_interview_index.json; sourceTree = "<group>"; };
		0B18FEABC3AD5E65B0A303B9 /* QuestionDetailViewModel.swift */ = {isa = PBXFileReference; includeInIndex = 1; lastKnownFileType = sourcecode.swift; path = QuestionDetailViewModel.swift; sourceTree = "<group>"; };
		0B8CBCD3215B29F094B70F95 /* Pods-IT_Interview_Bully.debug.xcconfig */ = {isa = PBXFileReference; includeInIndex = 1; lastKnownFileType = text.xcconfig; name = "Pods-IT_Interview_Bully.debug.xcconfig"; path = "Target Support Files/Pods-IT_Interview_Bully/Pods-IT_Interview_Bully.debug.xcconfig"; sourceTree = "<group>"; };
		0ED39BFA3389EF5315FBBE51 /* Foundation.framework */ = {isa = PBXFileReference; lastKnownFileType = wrapper.framework; name = Foundation.framework; path = Platforms/iPhoneOS.platform/Developer/SDKs/iPhoneOS14.0.sdk/System/Library/Frameworks/Foundation.framework; sourceTree = DEVELOPER_DIR; };
		14710289144BFF2BC826823A /* BundleResourceLoader.swift */ = {isa = PBXFileReference; includeInIndex = 1; lastKnownFileType = sourcecode.swift; path = BundleResourceLoader.swift; sourceTree = "<group>"; };
		3169DE8F6E7CE1322219E1AA /* Pods-IT_Interview_BullyTests.release.xcconfig */ = {isa = PBXFileReference; includeInIndex = 1; lastKnownFileType = text.xcconfig; name = "Pods-IT_Interview_BullyTests.release.xcconfig"; path = "Target Support Files/Pods-IT_Interview_BullyTests/Pods-IT_Interview_BullyTests.release.xcconfig"; sourceTree = "<group>"; };
		351C4DF7E54EA242DD1A748D /* Pods-IT_Interview_BullyTests.debug.xcconfig */ = {isa = PBXFileReference; includeInIndex = 1; lastKnownFileType = text.xcconfig; name = "Pods-IT_Interview_BullyTests.debug.xcconfig"; path = "Target Support Files/Pods-IT_Interview_BullyTests/Pods-IT_Interview_BullyTests.debug.xcconfig"; sourceTree = "<group>"; };
		48B32CD99FA72DACBD589FF1 /* IT_Interview_BullyTests.xctest */ = {isa = PBXFileReference; explicitFileType = wrapper.cfbundle; includeInIndex = 0; name = IT_Interview_BullyTests.xctest; path = IT_Interview_BullyTests.xctest; sourceTree = BUILT_PRODUCTS_DIR; };
		4BB7A2AEABAEE0D237E4A7C0 /* BundleInterviewRepository.swift */ = {isa = PBXFileReference; includeInIndex = 1; lastKnownFileType = sourcecode.swift; path = BundleInterviewRepository.swift; sourceTree = "<group>"; };
		56225BA99A6E618E9659B374 /* InterviewQuestionSummary.swift */ = {isa = PBXFileReference; includeInIndex = 1; lastKnownFileType = sourcecode.swift; path = InterviewQuestionSummary.swift; sourceTree = "<group>"; };
		565DBBAABE45BAFC25A533BE /* LoadableState.swift */ = {isa = PBXFileReference; includeInIndex = 1; lastKnownFileType = sourcecode.swift; path = LoadableState.swift; sourceTree = "<group>"; };
		5E76C45E63CE6839A18E463A /* SceneDelegate.swift */ = {isa = PBXFileReference; includeInIndex = 1; lastKnownFileType = sourcecode.swift; path = SceneDelegate.swift; sourceTree = "<group>"; };
		6118D99BAC0BB0FFB51F2DC5 /* invalid_interview_index.json */ = {isa = PBXFileReference; includeInIndex = 1; path = invalid_interview_index.json; sourceTree = "<group>"; };
		65D2201A687995AE317627C2 /* LaunchScreen.storyboard */ = {isa = PBXFileReference; includeInIndex = 1; lastKnownFileType = file.storyboard; path = LaunchScreen.storyboard; sourceTree = "<group>"; };
		65DEDC1EF36DBD51D839A84D /* Pods_IT_Interview_Bully.framework */ = {isa = PBXFileReference; explicitFileType = wrapper.framework; includeInIndex = 0; path = Pods_IT_Interview_Bully.framework; sourceTree = BUILT_PRODUCTS_DIR; };
		6FDF561E61A6454F77180628 /* runtime-method-swizzling.md */ = {isa = PBXFileReference; includeInIndex = 1; path = "runtime-method-swizzling.md"; sourceTree = "<group>"; };
		70F61B6B278E8329D26C0A77 /* QuestionListViewModelTests.swift */ = {isa = PBXFileReference; includeInIndex = 1; lastKnownFileType = sourcecode.swift; path = QuestionListViewModelTests.swift; sourceTree = "<group>"; };
		749985561052FF981B565B39 /* InterviewIndex.swift */ = {isa = PBXFileReference; includeInIndex = 1; lastKnownFileType = sourcecode.swift; path = InterviewIndex.swift; sourceTree = "<group>"; };
		765470DD8EEDA563FB42C959 /* interview_index.json */ = {isa = PBXFileReference; includeInIndex = 1; path = interview_index.json; sourceTree = "<group>"; };
		776EA3C40AE86E51E1E125A1 /* swiftlint.sh */ = {isa = PBXFileReference; includeInIndex = 1; lastKnownFileType = text.script.sh; path = swiftlint.sh; sourceTree = "<group>"; };
		85DB94AB3881FF6D76A3D8C0 /* generate_project.rb */ = {isa = PBXFileReference; includeInIndex = 1; path = generate_project.rb; sourceTree = "<group>"; };
		8760733E4EE22E15E415C5B1 /* Pods-IT_Interview_Bully.release.xcconfig */ = {isa = PBXFileReference; includeInIndex = 1; lastKnownFileType = text.xcconfig; name = "Pods-IT_Interview_Bully.release.xcconfig"; path = "Target Support Files/Pods-IT_Interview_Bully/Pods-IT_Interview_Bully.release.xcconfig"; sourceTree = "<group>"; };
		8E27AB9276674C5156B2361C /* iOS面试资深解答 */ = {isa = PBXFileReference; includeInIndex = 1; path = "iOS面试资深解答"; sourceTree = "<group>"; };
		98565BCBE56659BE3B315838 /* InterviewRepository.swift */ = {isa = PBXFileReference; includeInIndex = 1; lastKnownFileType = sourcecode.swift; path = InterviewRepository.swift; sourceTree = "<group>"; };
		99E497BCEB651624ACC54BA9 /* MarkdownRenderableView.swift */ = {isa = PBXFileReference; includeInIndex = 1; lastKnownFileType = sourcecode.swift; path = MarkdownRenderableView.swift; sourceTree = "<group>"; };
		9E5735DE8C5FFC03FB2EEBE6 /* Assets.xcassets */ = {isa = PBXFileReference; includeInIndex = 1; lastKnownFileType = folder.assetcatalog; path = Assets.xcassets; sourceTree = "<group>"; };
		A24B2714D84466867B047187 /* SSQuestionDetailViewController.swift */ = {isa = PBXFileReference; includeInIndex = 1; lastKnownFileType = sourcecode.swift; path = SSQuestionDetailViewController.swift; sourceTree = "<group>"; };
		A55990E84DD03330898153CB /* SSQuestionListViewController.swift */ = {isa = PBXFileReference; includeInIndex = 1; lastKnownFileType = sourcecode.swift; path = SSQuestionListViewController.swift; sourceTree = "<group>"; };
		BA265E871985BA4DAFD665A5 /* sample-question.md */ = {isa = PBXFileReference; includeInIndex = 1; path = "sample-question.md"; sourceTree = "<group>"; };
		BC13E562335EEA86DDCC48C8 /* Pods_IT_Interview_BullyTests.framework */ = {isa = PBXFileReference; explicitFileType = wrapper.framework; includeInIndex = 0; path = Pods_IT_Interview_BullyTests.framework; sourceTree = BUILT_PRODUCTS_DIR; };
		C74394D519E0B5E1ACCD5F5C /* InterviewRepositoryTests.swift */ = {isa = PBXFileReference; includeInIndex = 1; lastKnownFileType = sourcecode.swift; path = InterviewRepositoryTests.swift; sourceTree = "<group>"; };
		CE902A76242C23866163742C /* QuestionDetailViewModelTests.swift */ = {isa = PBXFileReference; includeInIndex = 1; lastKnownFileType = sourcecode.swift; path = QuestionDetailViewModelTests.swift; sourceTree = "<group>"; };
		DCEDDFF81DEC6DCEB4E98D7B /* LoadingStateView.swift */ = {isa = PBXFileReference; includeInIndex = 1; lastKnownFileType = sourcecode.swift; path = LoadingStateView.swift; sourceTree = "<group>"; };
		E9E8EC88E018DF2B57E1F8C5 /* InterviewQuestionDetail.swift */ = {isa = PBXFileReference; includeInIndex = 1; lastKnownFileType = sourcecode.swift; path = InterviewQuestionDetail.swift; sourceTree = "<group>"; };
		EB3BD91433AB5C1E57A449C4 /* QuestionListViewModel.swift */ = {isa = PBXFileReference; includeInIndex = 1; lastKnownFileType = sourcecode.swift; path = QuestionListViewModel.swift; sourceTree = "<group>"; };
		F04019C37D3EAB73995FD230 /* IT_Interview_Bully.app */ = {isa = PBXFileReference; explicitFileType = wrapper.application; includeInIndex = 0; name = IT_Interview_Bully.app; path = IT_Interview_Bully.app; sourceTree = BUILT_PRODUCTS_DIR; };
		F11A1C7F8408164307F9DA36 /* MarkdownViewController.swift */ = {isa = PBXFileReference; includeInIndex = 1; lastKnownFileType = sourcecode.swift; path = MarkdownViewController.swift; sourceTree = "<group>"; };
		F79964C881440D65A6B50BDE /* AppDelegate.swift */ = {isa = PBXFileReference; includeInIndex = 1; lastKnownFileType = sourcecode.swift; path = AppDelegate.swift; sourceTree = "<group>"; };
		FBAE543F015E02743764FE96 /* memory-retain-cycle.md */ = {isa = PBXFileReference; includeInIndex = 1; path = "memory-retain-cycle.md"; sourceTree = "<group>"; };
		FCB8B4602B37F0F5F49D3A61 /* InterviewRepositoryError.swift */ = {isa = PBXFileReference; includeInIndex = 1; lastKnownFileType = sourcecode.swift; path = InterviewRepositoryError.swift; sourceTree = "<group>"; };
/* End PBXFileReference section */

/* Begin PBXFrameworksBuildPhase section */
		1DE9A4E3088F6A0AC9D27AB0 /* Frameworks */ = {
			isa = PBXFrameworksBuildPhase;
			buildActionMask = 2147483647;
			files = (
				35D93531ED561866FD1F85F5 /* Foundation.framework in Frameworks */,
				9BDA1179E46853A3A5CFFD8B /* Pods_IT_Interview_BullyTests.framework in Frameworks */,
			);
			runOnlyForDeploymentPostprocessing = 0;
		};
		8AC493CC2F5F364D588427FB /* Frameworks */ = {
			isa = PBXFrameworksBuildPhase;
			buildActionMask = 2147483647;
			files = (
				59D47346F5DB97FF7DBC5BEE /* Foundation.framework in Frameworks */,
				3D8636FC2C7AC0975507AD2D /* Pods_IT_Interview_Bully.framework in Frameworks */,
			);
			runOnlyForDeploymentPostprocessing = 0;
		};
/* End PBXFrameworksBuildPhase section */

/* Begin PBXGroup section */
		02E1E298E97D34786FC1E4FF /* markdown */ = {
			isa = PBXGroup;
			children = (
				6FDF561E61A6454F77180628 /* runtime-method-swizzling.md */,
				FBAE543F015E02743764FE96 /* memory-retain-cycle.md */,
				8E27AB9276674C5156B2361C /* iOS面试资深解答 */,
			);
			name = markdown;
			path = markdown;
			sourceTree = "<group>";
		};
		146DA719A9FDA84959FE85E3 /* Resources */ = {
			isa = PBXGroup;
			children = (
				80FCDB8DBBB1826119F4689F /* Assets.xcassets */,
				F9A7FB5F26D31EBB39EB1342 /* Base.lproj */,
				02E1E298E97D34786FC1E4FF /* markdown */,
				9E5735DE8C5FFC03FB2EEBE6 /* Assets.xcassets */,
				765470DD8EEDA563FB42C959 /* interview_index.json */,
			);
			name = Resources;
			path = Resources;
			sourceTree = "<group>";
		};
		1C82D9FB16F2A716D5FEC1CD /* markdown */ = {
			isa = PBXGroup;
			children = (
				BA265E871985BA4DAFD665A5 /* sample-question.md */,
			);
			name = markdown;
			path = markdown;
			sourceTree = "<group>";
		};
		1E840333FF6C9172F40DF978 /* scripts */ = {
			isa = PBXGroup;
			children = (
				85DB94AB3881FF6D76A3D8C0 /* generate_project.rb */,
				776EA3C40AE86E51E1E125A1 /* swiftlint.sh */,
			);
			name = scripts;
			path = scripts;
			sourceTree = "<group>";
		};
		1F1CDF2A04F3A39E265DE73F /* Models */ = {
			isa = PBXGroup;
			children = (
				0509F268D33CA6D80C9467F2 /* InterviewCategory.swift */,
				56225BA99A6E618E9659B374 /* InterviewQuestionSummary.swift */,
				E9E8EC88E018DF2B57E1F8C5 /* InterviewQuestionDetail.swift */,
			);
			name = Models;
			path = Models;
			sourceTree = "<group>";
		};
		31AC9F377C08913CAF8F425A /* Domain */ = {
			isa = PBXGroup;
			children = (
				1F1CDF2A04F3A39E265DE73F /* Models */,
				B8608A0C2487325019BA21D2 /* Repositories */,
			);
			name = Domain;
			path = Domain;
			sourceTree = "<group>";
		};
		357786C50479088E00ABE452 /* Pods */ = {
			isa = PBXGroup;
			children = (
				8760733E4EE22E15E415C5B1 /* Pods-IT_Interview_Bully.release.xcconfig */,
				0B8CBCD3215B29F094B70F95 /* Pods-IT_Interview_Bully.debug.xcconfig */,
				3169DE8F6E7CE1322219E1AA /* Pods-IT_Interview_BullyTests.release.xcconfig */,
				351C4DF7E54EA242DD1A748D /* Pods-IT_Interview_BullyTests.debug.xcconfig */,
			);
			name = Pods;
			path = Pods;
			sourceTree = "<group>";
		};
		3698473772A2FCAB25ACF22C /* Services */ = {
			isa = PBXGroup;
			children = (
				14710289144BFF2BC826823A /* BundleResourceLoader.swift */,
			);
			name = Services;
			path = Services;
			sourceTree = "<group>";
		};
		40D8176DA01F744C71DD3E20 /* Data */ = {
			isa = PBXGroup;
			children = (
				8270150C08607DBFA7A41D0C /* Errors */,
				95C48401FAFA09FC59871C66 /* Models */,
				860ADB0F73EBFBB3D1D13BE4 /* Repositories */,
				3698473772A2FCAB25ACF22C /* Services */,
			);
			name = Data;
			path = Data;
			sourceTree = "<group>";
		};
		414192A4026B17EB9B45C943 /* Fixtures */ = {
			isa = PBXGroup;
			children = (
				1C82D9FB16F2A716D5FEC1CD /* markdown */,
				0AF2DB7FA9986DF69E8D34DE /* test_interview_index.json */,
				6118D99BAC0BB0FFB51F2DC5 /* invalid_interview_index.json */,
			);
			name = Fixtures;
			path = Fixtures;
			sourceTree = "<group>";
		};
		526496E1EBA3DF3E1B281022 /* Common */ = {
			isa = PBXGroup;
			children = (
				6F4BC94BB62BD92E774438E1 /* Markdown */,
				565DBBAABE45BAFC25A533BE /* LoadableState.swift */,
				DCEDDFF81DEC6DCEB4E98D7B /* LoadingStateView.swift */,
			);
			name = Common;
			path = Common;
			sourceTree = "<group>";
		};
		6AECBA72F35521C14E89DD53 /* QuestionList */ = {
			isa = PBXGroup;
			children = (
				A55990E84DD03330898153CB /* SSQuestionListViewController.swift */,
			);
			name = QuestionList;
			path = QuestionList;
			sourceTree = "<group>";
		};
		6F4BC94BB62BD92E774438E1 /* Markdown */ = {
			isa = PBXGroup;
			children = (
				99E497BCEB651624ACC54BA9 /* MarkdownRenderableView.swift */,
				F11A1C7F8408164307F9DA36 /* MarkdownViewController.swift */,
			);
			name = Markdown;
			path = Markdown;
			sourceTree = "<group>";
		};
		7D4BCC679DE8F3A0AF0299AE = {
			isa = PBXGroup;
			children = (
				E06F0FD6DF354F4AEE3F2F6C /* Products */,
				E8283E7DC5976C9D4AFC821E /* Frameworks */,
				D982F13B6D55941C69FD1207 /* IT_Interview_Bully */,
				B7F7B727FF8CC86DB9A0942D /* IT_Interview_BullyTests */,
				1E840333FF6C9172F40DF978 /* scripts */,
				357786C50479088E00ABE452 /* Pods */,
			);
			sourceTree = "<group>";
		};
		80FCDB8DBBB1826119F4689F /* Assets.xcassets */ = {
			isa = PBXGroup;
			children = (
			);
			name = Assets.xcassets;
			path = Assets.xcassets;
			sourceTree = "<group>";
		};
		8270150C08607DBFA7A41D0C /* Errors */ = {
			isa = PBXGroup;
			children = (
				FCB8B4602B37F0F5F49D3A61 /* InterviewRepositoryError.swift */,
			);
			name = Errors;
			path = Errors;
			sourceTree = "<group>";
		};
		831FF72464D8FC9E9DC17B4A /* ViewModels */ = {
			isa = PBXGroup;
			children = (
				EB3BD91433AB5C1E57A449C4 /* QuestionListViewModel.swift */,
				0B18FEABC3AD5E65B0A303B9 /* QuestionDetailViewModel.swift */,
			);
			name = ViewModels;
			path = ViewModels;
			sourceTree = "<group>";
		};
		8578554409783772B09DD98C /* QuestionDetail */ = {
			isa = PBXGroup;
			children = (
				A24B2714D84466867B047187 /* SSQuestionDetailViewController.swift */,
			);
			name = QuestionDetail;
			path = QuestionDetail;
			sourceTree = "<group>";
		};
		860ADB0F73EBFBB3D1D13BE4 /* Repositories */ = {
			isa = PBXGroup;
			children = (
				4BB7A2AEABAEE0D237E4A7C0 /* BundleInterviewRepository.swift */,
			);
			name = Repositories;
			path = Repositories;
			sourceTree = "<group>";
		};
		95C48401FAFA09FC59871C66 /* Models */ = {
			isa = PBXGroup;
			children = (
				749985561052FF981B565B39 /* InterviewIndex.swift */,
			);
			name = Models;
			path = Models;
			sourceTree = "<group>";
		};
		A781C169D46468B1D8425FC0 /* Presentation */ = {
			isa = PBXGroup;
			children = (
				526496E1EBA3DF3E1B281022 /* Common */,
				6AECBA72F35521C14E89DD53 /* QuestionList */,
				8578554409783772B09DD98C /* QuestionDetail */,
			);
			name = Presentation;
			path = Presentation;
			sourceTree = "<group>";
		};
		B7F7B727FF8CC86DB9A0942D /* IT_Interview_BullyTests */ = {
			isa = PBXGroup;
			children = (
				414192A4026B17EB9B45C943 /* Fixtures */,
				C74394D519E0B5E1ACCD5F5C /* InterviewRepositoryTests.swift */,
				CE902A76242C23866163742C /* QuestionDetailViewModelTests.swift */,
				70F61B6B278E8329D26C0A77 /* QuestionListViewModelTests.swift */,
			);
			name = IT_Interview_BullyTests;
			path = IT_Interview_BullyTests;
			sourceTree = "<group>";
		};
		B8608A0C2487325019BA21D2 /* Repositories */ = {
			isa = PBXGroup;
			children = (
				98565BCBE56659BE3B315838 /* InterviewRepository.swift */,
			);
			name = Repositories;
			path = Repositories;
			sourceTree = "<group>";
		};
		BB6303444F78BBB6EEE52B74 /* App */ = {
			isa = PBXGroup;
			children = (
				F79964C881440D65A6B50BDE /* AppDelegate.swift */,
				5E76C45E63CE6839A18E463A /* SceneDelegate.swift */,
				03090EDB5DB1CC544CB3408F /* AppDIContainer.swift */,
			);
			name = App;
			path = App;
			sourceTree = "<group>";
		};
		D982F13B6D55941C69FD1207 /* IT_Interview_Bully */ = {
			isa = PBXGroup;
			children = (
				BB6303444F78BBB6EEE52B74 /* App */,
				A781C169D46468B1D8425FC0 /* Presentation */,
				831FF72464D8FC9E9DC17B4A /* ViewModels */,
				31AC9F377C08913CAF8F425A /* Domain */,
				40D8176DA01F744C71DD3E20 /* Data */,
				146DA719A9FDA84959FE85E3 /* Resources */,
			);
			name = IT_Interview_Bully;
			path = IT_Interview_Bully;
			sourceTree = "<group>";
		};
		E06F0FD6DF354F4AEE3F2F6C /* Products */ = {
			isa = PBXGroup;
			children = (
				F04019C37D3EAB73995FD230 /* IT_Interview_Bully.app */,
				48B32CD99FA72DACBD589FF1 /* IT_Interview_BullyTests.xctest */,
			);
			name = Products;
			sourceTree = "<group>";
		};
		E4149CD3AC1FE8903FFC2311 /* iOS */ = {
			isa = PBXGroup;
			children = (
				0ED39BFA3389EF5315FBBE51 /* Foundation.framework */,
			);
			name = iOS;
			sourceTree = "<group>";
		};
		E8283E7DC5976C9D4AFC821E /* Frameworks */ = {
			isa = PBXGroup;
			children = (
				E4149CD3AC1FE8903FFC2311 /* iOS */,
				65DEDC1EF36DBD51D839A84D /* Pods_IT_Interview_Bully.framework */,
				BC13E562335EEA86DDCC48C8 /* Pods_IT_Interview_BullyTests.framework */,
			);
			name = Frameworks;
			sourceTree = "<group>";
		};
		F9A7FB5F26D31EBB39EB1342 /* Base.lproj */ = {
			isa = PBXGroup;
			children = (
				65D2201A687995AE317627C2 /* LaunchScreen.storyboard */,
			);
			name = Base.lproj;
			path = Base.lproj;
			sourceTree = "<group>";
		};
/* End PBXGroup section */

/* Begin PBXNativeTarget section */
		2762BDD667BA8928F1080202 /* IT_Interview_BullyTests */ = {
			isa = PBXNativeTarget;
			buildConfigurationList = ECA98C9EE2E5E4EDDF85B16F /* Build configuration list for PBXNativeTarget "IT_Interview_BullyTests" */;
			buildPhases = (
				97906252C1F057D463229E5D /* [CP] Check Pods Manifest.lock */,
				9547F2C5DD7981361775D5AD /* Sources */,
				1DE9A4E3088F6A0AC9D27AB0 /* Frameworks */,
				52E51845B2D58AA45903A31F /* Resources */,
			);
			buildRules = (
			);
			dependencies = (
				10057DF179E56C389C4E7093 /* PBXTargetDependency */,
			);
			name = IT_Interview_BullyTests;
			productName = IT_Interview_BullyTests;
			productReference = 48B32CD99FA72DACBD589FF1 /* IT_Interview_BullyTests.xctest */;
			productType = "com.apple.product-type.bundle.unit-test";
		};
		CC0A01E3625449F6330D9456 /* IT_Interview_Bully */ = {
			isa = PBXNativeTarget;
			buildConfigurationList = DA2B977DA159CF9EDA3B7AC1 /* Build configuration list for PBXNativeTarget "IT_Interview_Bully" */;
			buildPhases = (
				4E0858ED51EF0561A243BA27 /* [CP] Check Pods Manifest.lock */,
				AA6AE64820BC5C13DF330567 /* Sources */,
				8AC493CC2F5F364D588427FB /* Frameworks */,
				2289561584355C6EAE781CB2 /* Resources */,
				111ABF59D892EF5091BF4227 /* [CP] Embed Pods Frameworks */,
			);
			buildRules = (
			);
			dependencies = (
			);
			name = IT_Interview_Bully;
			productName = IT_Interview_Bully;
			productReference = F04019C37D3EAB73995FD230 /* IT_Interview_Bully.app */;
			productType = "com.apple.product-type.application";
		};
/* End PBXNativeTarget section */

/* Begin PBXProject section */
		F399545B46AA6ED6EFCFEC8A /* Project object */ = {
			isa = PBXProject;
			attributes = {
				LastSwiftUpdateCheck = 1640;
				LastUpgradeCheck = 1640;
			};
			buildConfigurationList = 959E86E908A74C3785BC457E /* Build configuration list for PBXProject "IT_Interview_Bully" */;
			compatibilityVersion = "Xcode 3.2";
			developmentRegion = en;
			hasScannedForEncodings = 0;
			knownRegions = (
				en,
				Base,
			);
			mainGroup = 7D4BCC679DE8F3A0AF0299AE;
			productRefGroup = E06F0FD6DF354F4AEE3F2F6C /* Products */;
			projectDirPath = "";
			projectRoot = "";
			targets = (
				CC0A01E3625449F6330D9456 /* IT_Interview_Bully */,
				2762BDD667BA8928F1080202 /* IT_Interview_BullyTests */,
			);
		};
/* End PBXProject section */

/* Begin PBXResourcesBuildPhase section */
		2289561584355C6EAE781CB2 /* Resources */ = {
			isa = PBXResourcesBuildPhase;
			buildActionMask = 2147483647;
			files = (
				4AD4FE1562F19BFE5B4FD34B /* LaunchScreen.storyboard in Resources */,
				E34A6188B901B1721DBD7653 /* Assets.xcassets in Resources */,
				A151ACBFCE423B5BD6409C9C /* interview_index.json in Resources */,
				C2B2B7A621E4C7BCD1B1A48F /* runtime-method-swizzling.md in Resources */,
				A27CC0BCD046BF1129FA92AB /* memory-retain-cycle.md in Resources */,
				DDA8F2CF68628A51E9E207F7 /* iOS面试资深解答 in Resources */,
			);
			runOnlyForDeploymentPostprocessing = 0;
		};
		52E51845B2D58AA45903A31F /* Resources */ = {
			isa = PBXResourcesBuildPhase;
			buildActionMask = 2147483647;
			files = (
				28CA712E4B8754D6D468C09E /* test_interview_index.json in Resources */,
				615206A1FD153B90B1AE994B /* invalid_interview_index.json in Resources */,
				8D14DBAC80C7E35F78740FE0 /* sample-question.md in Resources */,
			);
			runOnlyForDeploymentPostprocessing = 0;
		};
/* End PBXResourcesBuildPhase section */

/* Begin PBXShellScriptBuildPhase section */
		111ABF59D892EF5091BF4227 /* [CP] Embed Pods Frameworks */ = {
			isa = PBXShellScriptBuildPhase;
			buildActionMask = 2147483647;
			files = (
			);
			inputPaths = (
				"${PODS_ROOT}/Target Support Files/Pods-IT_Interview_Bully/Pods-IT_Interview_Bully-frameworks.sh",
				"${BUILT_PRODUCTS_DIR}/Highlightr/Highlightr.framework",
				"${BUILT_PRODUCTS_DIR}/MarkdownView/MarkdownView.framework",
				"${BUILT_PRODUCTS_DIR}/SnapKit/SnapKit.framework",
			);
			name = "[CP] Embed Pods Frameworks";
			outputPaths = (
				"${TARGET_BUILD_DIR}/${FRAMEWORKS_FOLDER_PATH}/Highlightr.framework",
				"${TARGET_BUILD_DIR}/${FRAMEWORKS_FOLDER_PATH}/MarkdownView.framework",
				"${TARGET_BUILD_DIR}/${FRAMEWORKS_FOLDER_PATH}/SnapKit.framework",
			);
			runOnlyForDeploymentPostprocessing = 0;
			shellPath = /bin/sh;
			shellScript = "\"${PODS_ROOT}/Target Support Files/Pods-IT_Interview_Bully/Pods-IT_Interview_Bully-frameworks.sh\"\n";
			showEnvVarsInLog = 0;
		};
		4E0858ED51EF0561A243BA27 /* [CP] Check Pods Manifest.lock */ = {
			isa = PBXShellScriptBuildPhase;
			buildActionMask = 2147483647;
			files = (
			);
			inputFileListPaths = (
			);
			inputPaths = (
				"${PODS_PODFILE_DIR_PATH}/Podfile.lock",
				"${PODS_ROOT}/Manifest.lock",
			);
			name = "[CP] Check Pods Manifest.lock";
			outputFileListPaths = (
			);
			outputPaths = (
				"$(DERIVED_FILE_DIR)/Pods-IT_Interview_Bully-checkManifestLockResult.txt",
			);
			runOnlyForDeploymentPostprocessing = 0;
			shellPath = /bin/sh;
			shellScript = "diff \"${PODS_PODFILE_DIR_PATH}/Podfile.lock\" \"${PODS_ROOT}/Manifest.lock\" > /dev/null\nif [ $? != 0 ] ; then\n    # print error to STDERR\n    echo \"error: The sandbox is not in sync with the Podfile.lock. Run 'pod install' or update your CocoaPods installation.\" >&2\n    exit 1\nfi\n# This output is used by Xcode 'outputs' to avoid re-running this script phase.\necho \"SUCCESS\" > \"${SCRIPT_OUTPUT_FILE_0}\"\n";
			showEnvVarsInLog = 0;
		};
		97906252C1F057D463229E5D /* [CP] Check Pods Manifest.lock */ = {
			isa = PBXShellScriptBuildPhase;
			buildActionMask = 2147483647;
			files = (
			);
			inputFileListPaths = (
			);
			inputPaths = (
				"${PODS_PODFILE_DIR_PATH}/Podfile.lock",
				"${PODS_ROOT}/Manifest.lock",
			);
			name = "[CP] Check Pods Manifest.lock";
			outputFileListPaths = (
			);
			outputPaths = (
				"$(DERIVED_FILE_DIR)/Pods-IT_Interview_BullyTests-checkManifestLockResult.txt",
			);
			runOnlyForDeploymentPostprocessing = 0;
			shellPath = /bin/sh;
			shellScript = "diff \"${PODS_PODFILE_DIR_PATH}/Podfile.lock\" \"${PODS_ROOT}/Manifest.lock\" > /dev/null\nif [ $? != 0 ] ; then\n    # print error to STDERR\n    echo \"error: The sandbox is not in sync with the Podfile.lock. Run 'pod install' or update your CocoaPods installation.\" >&2\n    exit 1\nfi\n# This output is used by Xcode 'outputs' to avoid re-running this script phase.\necho \"SUCCESS\" > \"${SCRIPT_OUTPUT_FILE_0}\"\n";
			showEnvVarsInLog = 0;
		};
/* End PBXShellScriptBuildPhase section */

/* Begin PBXSourcesBuildPhase section */
		9547F2C5DD7981361775D5AD /* Sources */ = {
			isa = PBXSourcesBuildPhase;
			buildActionMask = 2147483647;
			files = (
				3FCCE016C3F3157B57DEEBF4 /* InterviewRepositoryTests.swift in Sources */,
				E87C9266B4F79A99A57CF431 /* QuestionDetailViewModelTests.swift in Sources */,
				47053F99F1027148A2EF073A /* QuestionListViewModelTests.swift in Sources */,
			);
			runOnlyForDeploymentPostprocessing = 0;
		};
		AA6AE64820BC5C13DF330567 /* Sources */ = {
			isa = PBXSourcesBuildPhase;
			buildActionMask = 2147483647;
			files = (
				9D800C7F90C3B1ECA2646AB0 /* AppDelegate.swift in Sources */,
				2F4AB94E441A4AF6B115E6CB /* SceneDelegate.swift in Sources */,
				4327AD56BB52056F104FB818 /* AppDIContainer.swift in Sources */,
				5097D07CAFDED94AC5634995 /* LoadableState.swift in Sources */,
				46D86A77E3C74A6D04E14969 /* LoadingStateView.swift in Sources */,
				F7AB2176B738E2D66B8CE7C6 /* MarkdownRenderableView.swift in Sources */,
				859642EBB5ECB104AC4EED41 /* MarkdownViewController.swift in Sources */,
				2C5AE2FFEA3C584E7F1257FF /* SSQuestionListViewController.swift in Sources */,
				BDC817657E3952A468C5A3DD /* SSQuestionDetailViewController.swift in Sources */,
				4CDEF5D4067386D1A2CFAB1F /* QuestionListViewModel.swift in Sources */,
				C16D66315637A2C9A82D953B /* QuestionDetailViewModel.swift in Sources */,
				9C21313D9DF200F64559A323 /* InterviewCategory.swift in Sources */,
				854CAA33480354DEBD70F423 /* InterviewQuestionSummary.swift in Sources */,
				C9CC3982A38DBD4809D9C596 /* InterviewQuestionDetail.swift in Sources */,
				8381DEBAB0D2BA4254E96B2A /* InterviewRepository.swift in Sources */,
				022E3BF02D7C632F099EF212 /* InterviewRepositoryError.swift in Sources */,
				E345CD837385A99F43C77197 /* InterviewIndex.swift in Sources */,
				57E4F2ABA87D8FCB49895A91 /* BundleResourceLoader.swift in Sources */,
				EE3E6BB58879C7EE8226BBC0 /* BundleInterviewRepository.swift in Sources */,
			);
			runOnlyForDeploymentPostprocessing = 0;
		};
/* End PBXSourcesBuildPhase section */

/* Begin PBXTargetDependency section */
		10057DF179E56C389C4E7093 /* PBXTargetDependency */ = {
			isa = PBXTargetDependency;
			name = IT_Interview_Bully;
			target = CC0A01E3625449F6330D9456 /* IT_Interview_Bully */;
			targetProxy = 987DEDF1B262A9226208E645 /* PBXContainerItemProxy */;
		};
/* End PBXTargetDependency section */

/* Begin XCBuildConfiguration section */
		64B26F77CE20AF0BF69214AA /* Debug */ = {
			isa = XCBuildConfiguration;
			baseConfigurationReference = 351C4DF7E54EA242DD1A748D /* Pods-IT_Interview_BullyTests.debug.xcconfig */;
			buildSettings = {
				BUNDLE_LOADER = "$(TEST_HOST)";
				CLANG_ENABLE_MODULES = YES;
				CLANG_ENABLE_OBJC_WEAK = NO;
				ENABLE_TESTABILITY = YES;
				INFOPLIST_FILE = IT_Interview_BullyTests/Info.plist;
				IPHONEOS_DEPLOYMENT_TARGET = 13.0;
				LD_RUNPATH_SEARCH_PATHS = "$(inherited) @executable_path/Frameworks @loader_path/Frameworks";
				PRODUCT_BUNDLE_IDENTIFIER = com.bobo.ITInterviewBullyTests;
				PRODUCT_NAME = "$(TARGET_NAME)";
				SDKROOT = iphoneos;
				SWIFT_VERSION = 5.0;
				TARGETED_DEVICE_FAMILY = "1,2";
				TEST_HOST = "$(BUILT_PRODUCTS_DIR)/IT_Interview_Bully.app/IT_Interview_Bully";
			};
			name = Debug;
		};
		7E7C071484E5C520B09599AC /* Debug */ = {
			isa = XCBuildConfiguration;
			baseConfigurationReference = 0B8CBCD3215B29F094B70F95 /* Pods-IT_Interview_Bully.debug.xcconfig */;
			buildSettings = {
				ASSETCATALOG_COMPILER_APPICON_NAME = AppIcon;
				ASSETCATALOG_COMPILER_GENERATE_SWIFT_ASSET_SYMBOL_EXTENSIONS = NO;
				ASSETCATALOG_COMPILER_GLOBAL_ACCENT_COLOR_NAME = AccentColor;
				CLANG_ENABLE_MODULES = YES;
				CLANG_ENABLE_OBJC_WEAK = NO;
				CODE_SIGN_STYLE = Automatic;
				CURRENT_PROJECT_VERSION = 1;
				DEVELOPMENT_ASSET_PATHS = "\"\"";
				ENABLE_TESTABILITY = YES;
				INFOPLIST_FILE = IT_Interview_Bully/Resources/Info.plist;
				IPHONEOS_DEPLOYMENT_TARGET = 13.0;
				LD_RUNPATH_SEARCH_PATHS = "$(inherited) @executable_path/Frameworks";
				MARKETING_VERSION = 1.0.1;
				PRODUCT_BUNDLE_IDENTIFIER = com.bobo.ITInterviewBully;
				PRODUCT_NAME = "$(TARGET_NAME)";
				SDKROOT = iphoneos;
				SUPPORTED_PLATFORMS = "iphoneos iphonesimulator";
				SWIFT_VERSION = 5.0;
				TARGETED_DEVICE_FAMILY = "1,2";
			};
			name = Debug;
		};
		80769E73500C596D02306DEE /* Release */ = {
			isa = XCBuildConfiguration;
			baseConfigurationReference = 3169DE8F6E7CE1322219E1AA /* Pods-IT_Interview_BullyTests.release.xcconfig */;
			buildSettings = {
				BUNDLE_LOADER = "$(TEST_HOST)";
				CLANG_ENABLE_MODULES = YES;
				CLANG_ENABLE_OBJC_WEAK = NO;
				ENABLE_TESTABILITY = NO;
				INFOPLIST_FILE = IT_Interview_BullyTests/Info.plist;
				IPHONEOS_DEPLOYMENT_TARGET = 13.0;
				LD_RUNPATH_SEARCH_PATHS = "$(inherited) @executable_path/Frameworks @loader_path/Frameworks";
				PRODUCT_BUNDLE_IDENTIFIER = com.bobo.ITInterviewBullyTests;
				PRODUCT_NAME = "$(TARGET_NAME)";
				SDKROOT = iphoneos;
				SWIFT_VERSION = 5.0;
				TARGETED_DEVICE_FAMILY = "1,2";
				TEST_HOST = "$(BUILT_PRODUCTS_DIR)/IT_Interview_Bully.app/IT_Interview_Bully";
				VALIDATE_PRODUCT = YES;
			};
			name = Release;
		};
		848B58B6D05EBDCFB90A6900 /* Debug */ = {
			isa = XCBuildConfiguration;
			buildSettings = {
				ALWAYS_SEARCH_USER_PATHS = NO;
				CLANG_ANALYZER_NONNULL = YES;
				CLANG_ANALYZER_NUMBER_OBJECT_CONVERSION = YES_AGGRESSIVE;
				CLANG_CXX_LANGUAGE_STANDARD = "gnu++14";
				CLANG_CXX_LIBRARY = "libc++";
				CLANG_ENABLE_MODULES = YES;
				CLANG_ENABLE_OBJC_ARC = YES;
				CLANG_ENABLE_OBJC_WEAK = YES;
				CLANG_WARN_BLOCK_CAPTURE_AUTORELEASING = YES;
				CLANG_WARN_BOOL_CONVERSION = YES;
				CLANG_WARN_COMMA = YES;
				CLANG_WARN_CONSTANT_CONVERSION = YES;
				CLANG_WARN_DEPRECATED_OBJC_IMPLEMENTATIONS = YES;
				CLANG_WARN_DIRECT_OBJC_ISA_USAGE = YES_ERROR;
				CLANG_WARN_DOCUMENTATION_COMMENTS = YES;
				CLANG_WARN_EMPTY_BODY = YES;
				CLANG_WARN_ENUM_CONVERSION = YES;
				CLANG_WARN_INFINITE_RECURSION = YES;
				CLANG_WARN_INT_CONVERSION = YES;
				CLANG_WARN_NON_LITERAL_NULL_CONVERSION = YES;
				CLANG_WARN_OBJC_IMPLICIT_RETAIN_SELF = YES;
				CLANG_WARN_OBJC_LITERAL_CONVERSION = YES;
				CLANG_WARN_OBJC_ROOT_CLASS = YES_ERROR;
				CLANG_WARN_QUOTED_INCLUDE_IN_FRAMEWORK_HEADER = YES;
				CLANG_WARN_RANGE_LOOP_ANALYSIS = YES;
				CLANG_WARN_STRICT_PROTOTYPES = YES;
				CLANG_WARN_SUSPICIOUS_MOVE = YES;
				CLANG_WARN_UNGUARDED_AVAILABILITY = YES_AGGRESSIVE;
				CLANG_WARN_UNREACHABLE_CODE = YES;
				CLANG_WARN__DUPLICATE_METHOD_MATCH = YES;
				COPY_PHASE_STRIP = NO;
				DEBUG_INFORMATION_FORMAT = dwarf;
				ENABLE_STRICT_OBJC_MSGSEND = YES;
				ENABLE_TESTABILITY = YES;
				GCC_C_LANGUAGE_STANDARD = gnu11;
				GCC_DYNAMIC_NO_PIC = NO;
				GCC_NO_COMMON_BLOCKS = YES;
				GCC_OPTIMIZATION_LEVEL = 0;
				GCC_PREPROCESSOR_DEFINITIONS = (
					"DEBUG=1",
					"$(inherited)",
				);
				GCC_WARN_64_TO_32_BIT_CONVERSION = YES;
				GCC_WARN_ABOUT_RETURN_TYPE = YES_ERROR;
				GCC_WARN_UNDECLARED_SELECTOR = YES;
				GCC_WARN_UNINITIALIZED_AUTOS = YES_AGGRESSIVE;
				GCC_WARN_UNUSED_FUNCTION = YES;
				GCC_WARN_UNUSED_VARIABLE = YES;
				MTL_ENABLE_DEBUG_INFO = INCLUDE_SOURCE;
				MTL_FAST_MATH = YES;
				ONLY_ACTIVE_ARCH = YES;
				PRODUCT_NAME = "$(TARGET_NAME)";
				SWIFT_ACTIVE_COMPILATION_CONDITIONS = DEBUG;
				SWIFT_OPTIMIZATION_LEVEL = "-Onone";
				SWIFT_VERSION = 5.0;
			};
			name = Debug;
		};
		8A8ACFA335C6C2E01CB9F6B1 /* Release */ = {
			isa = XCBuildConfiguration;
			buildSettings = {
				ALWAYS_SEARCH_USER_PATHS = NO;
				CLANG_ANALYZER_NONNULL = YES;
				CLANG_ANALYZER_NUMBER_OBJECT_CONVERSION = YES_AGGRESSIVE;
				CLANG_CXX_LANGUAGE_STANDARD = "gnu++14";
				CLANG_CXX_LIBRARY = "libc++";
				CLANG_ENABLE_MODULES = YES;
				CLANG_ENABLE_OBJC_ARC = YES;
				CLANG_ENABLE_OBJC_WEAK = YES;
				CLANG_WARN_BLOCK_CAPTURE_AUTORELEASING = YES;
				CLANG_WARN_BOOL_CONVERSION = YES;
				CLANG_WARN_COMMA = YES;
				CLANG_WARN_CONSTANT_CONVERSION = YES;
				CLANG_WARN_DEPRECATED_OBJC_IMPLEMENTATIONS = YES;
				CLANG_WARN_DIRECT_OBJC_ISA_USAGE = YES_ERROR;
				CLANG_WARN_DOCUMENTATION_COMMENTS = YES;
				CLANG_WARN_EMPTY_BODY = YES;
				CLANG_WARN_ENUM_CONVERSION = YES;
				CLANG_WARN_INFINITE_RECURSION = YES;
				CLANG_WARN_INT_CONVERSION = YES;
				CLANG_WARN_NON_LITERAL_NULL_CONVERSION = YES;
				CLANG_WARN_OBJC_IMPLICIT_RETAIN_SELF = YES;
				CLANG_WARN_OBJC_LITERAL_CONVERSION = YES;
				CLANG_WARN_OBJC_ROOT_CLASS = YES_ERROR;
				CLANG_WARN_QUOTED_INCLUDE_IN_FRAMEWORK_HEADER = YES;
				CLANG_WARN_RANGE_LOOP_ANALYSIS = YES;
				CLANG_WARN_STRICT_PROTOTYPES = YES;
				CLANG_WARN_SUSPICIOUS_MOVE = YES;
				CLANG_WARN_UNGUARDED_AVAILABILITY = YES_AGGRESSIVE;
				CLANG_WARN_UNREACHABLE_CODE = YES;
				CLANG_WARN__DUPLICATE_METHOD_MATCH = YES;
				COPY_PHASE_STRIP = NO;
				DEBUG_INFORMATION_FORMAT = "dwarf-with-dsym";
				ENABLE_NS_ASSERTIONS = NO;
				ENABLE_STRICT_OBJC_MSGSEND = YES;
				GCC_C_LANGUAGE_STANDARD = gnu11;
				GCC_NO_COMMON_BLOCKS = YES;
				GCC_WARN_64_TO_32_BIT_CONVERSION = YES;
				GCC_WARN_ABOUT_RETURN_TYPE = YES_ERROR;
				GCC_WARN_UNDECLARED_SELECTOR = YES;
				GCC_WARN_UNINITIALIZED_AUTOS = YES_AGGRESSIVE;
				GCC_WARN_UNUSED_FUNCTION = YES;
				GCC_WARN_UNUSED_VARIABLE = YES;
				MTL_ENABLE_DEBUG_INFO = NO;
				MTL_FAST_MATH = YES;
				PRODUCT_NAME = "$(TARGET_NAME)";
				SWIFT_COMPILATION_MODE = wholemodule;
				SWIFT_OPTIMIZATION_LEVEL = "-O";
				SWIFT_VERSION = 5.0;
			};
			name = Release;
		};
		EE151474C6B34A398824414E /* Release */ = {
			isa = XCBuildConfiguration;
			baseConfigurationReference = 8760733E4EE22E15E415C5B1 /* Pods-IT_Interview_Bully.release.xcconfig */;
			buildSettings = {
				ASSETCATALOG_COMPILER_APPICON_NAME = AppIcon;
				ASSETCATALOG_COMPILER_GENERATE_SWIFT_ASSET_SYMBOL_EXTENSIONS = NO;
				ASSETCATALOG_COMPILER_GLOBAL_ACCENT_COLOR_NAME = AccentColor;
				CLANG_ENABLE_MODULES = YES;
				CLANG_ENABLE_OBJC_WEAK = NO;
				CODE_SIGN_STYLE = Automatic;
				CURRENT_PROJECT_VERSION = 1;
				DEVELOPMENT_ASSET_PATHS = "\"\"";
				ENABLE_TESTABILITY = NO;
				INFOPLIST_FILE = IT_Interview_Bully/Resources/Info.plist;
				IPHONEOS_DEPLOYMENT_TARGET = 13.0;
				LD_RUNPATH_SEARCH_PATHS = "$(inherited) @executable_path/Frameworks";
				MARKETING_VERSION = 1.0.1;
				PRODUCT_BUNDLE_IDENTIFIER = com.bobo.ITInterviewBully;
				PRODUCT_NAME = "$(TARGET_NAME)";
				SDKROOT = iphoneos;
				SUPPORTED_PLATFORMS = "iphoneos iphonesimulator";
				SWIFT_VERSION = 5.0;
				TARGETED_DEVICE_FAMILY = "1,2";
				VALIDATE_PRODUCT = YES;
			};
			name = Release;
		};
/* End XCBuildConfiguration section */

/* Begin XCConfigurationList section */
		959E86E908A74C3785BC457E /* Build configuration list for PBXProject "IT_Interview_Bully" */ = {
			isa = XCConfigurationList;
			buildConfigurations = (
				848B58B6D05EBDCFB90A6900 /* Debug */,
				8A8ACFA335C6C2E01CB9F6B1 /* Release */,
			);
			defaultConfigurationIsVisible = 0;
			defaultConfigurationName = Release;
		};
		DA2B977DA159CF9EDA3B7AC1 /* Build configuration list for PBXNativeTarget "IT_Interview_Bully" */ = {
			isa = XCConfigurationList;
			buildConfigurations = (
				EE151474C6B34A398824414E /* Release */,
				7E7C071484E5C520B09599AC /* Debug */,
			);
			defaultConfigurationIsVisible = 0;
			defaultConfigurationName = Release;
		};
		ECA98C9EE2E5E4EDDF85B16F /* Build configuration list for PBXNativeTarget "IT_Interview_BullyTests" */ = {
			isa = XCConfigurationList;
			buildConfigurations = (
				80769E73500C596D02306DEE /* Release */,
				64B26F77CE20AF0BF69214AA /* Debug */,
			);
			defaultConfigurationIsVisible = 0;
			defaultConfigurationName = Release;
		};
/* End XCConfigurationList section */
	};
	rootObject = F399545B46AA6ED6EFCFEC8A /* Project object */;
}
